
Microsoft Visual Studio Solution File, Format Version 12.00
# Visual Studio Version 16
VisualStudioVersion = 16.0.28527.54
MinimumVisualStudioVersion = 10.0.40219.1
Project("{9A19103F-16F7-4668-BE54-9A1E7A4F7556}") = "SharpLXD", "SharpLXD\SharpLXD.csproj", "{417A3E4F-8F3F-48A8-9F6A-5D5414A95799}"
EndProject
Project("{9A19103F-16F7-4668-BE54-9A1E7A4F7556}") = "SharpLXDTests", "SharpLXDTests\SharpLXDTests.csproj", "{9ED08295-46E4-46F9-BACB-DFEEB79B9EF2}"
EndProject
Project("{FAE04EC0-301F-11D3-BF4B-00C04F79EFBC}") = "SharpLXDDemo", "SharpLXDDemo\SharpLXDDemo.csproj", "{F79041DB-E51D-4DA6-A3BF-D22027C15996}"
EndProject
Global
	GlobalSection(SolutionConfigurationPlatforms) = preSolution
		Debug|Any CPU = Debug|Any CPU
		Release|Any CPU = Release|Any CPU
	EndGlobalSection
	GlobalSection(ProjectConfigurationPlatforms) = postSolution
		{417A3E4F-8F3F-48A8-9F6A-5D5414A95799}.Debug|Any CPU.ActiveCfg = Debug|Any CPU
		{417A3E4F-8F3F-48A8-9F6A-5D5414A95799}.Debug|Any CPU.Build.0 = Debug|Any CPU
		{417A3E4F-8F3F-48A8-9F6A-5D5414A95799}.Release|Any CPU.ActiveCfg = Release|Any CPU
		{417A3E4F-8F3F-48A8-9F6A-5D5414A95799}.Release|Any CPU.Build.0 = Release|Any CPU
		{9ED08295-46E4-46F9-BACB-DFEEB79B9EF2}.Debug|Any CPU.ActiveCfg = Debug|Any CPU
		{9ED08295-46E4-46F9-BACB-DFEEB79B9EF2}.Debug|Any CPU.Build.0 = Debug|Any CPU
		{9ED08295-46E4-46F9-BACB-DFEEB79B9EF2}.Release|Any CPU.ActiveCfg = Release|Any CPU
		{9ED08295-46E4-46F9-BACB-DFEEB79B9EF2}.Release|Any CPU.Build.0 = Release|Any CPU
		{F79041DB-E51D-4DA6-A3BF-D22027C15996}.Debug|Any CPU.ActiveCfg = Debug|Any CPU
		{F79041DB-E51D-4DA6-A3BF-D22027C15996}.Debug|Any CPU.Build.0 = Debug|Any CPU
		{F79041DB-E51D-4DA6-A3BF-D22027C15996}.Release|Any CPU.ActiveCfg = Release|Any CPU
		{F79041DB-E51D-4DA6-A3BF-D22027C15996}.Release|Any CPU.Build.0 = Release|Any CPU
	EndGlobalSection
	GlobalSection(SolutionProperties) = preSolution
		HideSolutionNode = FALSE
	EndGlobalSection
	GlobalSection(ExtensibilityGlobals) = postSolution
		SolutionGuid = {8F0CF0CA-BA40-4988-A4FB-9D1A42EC7600}
	EndGlobalSection
EndGlobal
