
Microsoft Visual Studio Solution File, Format Version 12.00
# Visual Studio Version 16
VisualStudioVersion = 16.0.28527.54
MinimumVisualStudioVersion = 10.0.40219.1
Project("{9A19103F-16F7-4668-BE54-9A1E7A4F7556}") = "LXD", "LXD.csproj", "{CA02C049-29CB-483B-902D-39C917D82C4D}"
EndProject
Project("{9A19103F-16F7-4668-BE54-9A1E7A4F7556}") = "LXDTests", "..\LXDTests\LXDTests.csproj", "{E4E1256A-B956-4A51-A4A0-C4D275F321D3}"
EndProject
Global
	GlobalSection(SolutionConfigurationPlatforms) = preSolution
		Debug|Any CPU = Debug|Any CPU
		Release|Any CPU = Release|Any CPU
	EndGlobalSection
	GlobalSection(ProjectConfigurationPlatforms) = postSolution
		{CA02C049-29CB-483B-902D-39C917D82C4D}.Debug|Any CPU.ActiveCfg = Debug|Any CPU
		{CA02C049-29CB-483B-902D-39C917D82C4D}.Debug|Any CPU.Build.0 = Debug|Any CPU
		{CA02C049-29CB-483B-902D-39C917D82C4D}.Release|Any CPU.ActiveCfg = Release|Any CPU
		{CA02C049-29CB-483B-902D-39C917D82C4D}.Release|Any CPU.Build.0 = Release|Any CPU
		{E4E1256A-B956-4A51-A4A0-C4D275F321D3}.Debug|Any CPU.ActiveCfg = Debug|Any CPU
		{E4E1256A-B956-4A51-A4A0-C4D275F321D3}.Debug|Any CPU.Build.0 = Debug|Any CPU
		{E4E1256A-B956-4A51-A4A0-C4D275F321D3}.Release|Any CPU.ActiveCfg = Release|Any CPU
		{E4E1256A-B956-4A51-A4A0-C4D275F321D3}.Release|Any CPU.Build.0 = Release|Any CPU
	EndGlobalSection
	GlobalSection(SolutionProperties) = preSolution
		HideSolutionNode = FALSE
	EndGlobalSection
	GlobalSection(ExtensibilityGlobals) = postSolution
		SolutionGuid = {8F0CF0CA-BA40-4988-A4FB-9D1A42EC7600}
	EndGlobalSection
EndGlobal
